
Microsoft Visual Studio Solution File, Format Version 12.00
# Visual Studio Version 17
VisualStudioVersion = 17.14.36408.4 d17.14
MinimumVisualStudioVersion = 10.0.40219.1
Project("{FAE04EC0-301F-11D3-BF4B-00C04F79EFBC}") = "calculadorasem2", "calculadorasem2\calculadorasem2.csproj", "{4C140547-478A-4130-AF9F-7EFDFBE427E6}"
EndProject
Global
	GlobalSection(SolutionConfigurationPlatforms) = preSolution
		Debug|Any CPU = Debug|Any CPU
		Release|Any CPU = Release|Any CPU
	EndGlobalSection
	GlobalSection(ProjectConfigurationPlatforms) = postSolution
		{4C140547-478A-4130-AF9F-7EFDFBE427E6}.Debug|Any CPU.ActiveCfg = Debug|Any CPU
		{4C140547-478A-4130-AF9F-7EFDFBE427E6}.Debug|Any CPU.Build.0 = Debug|Any CPU
		{4C140547-478A-4130-AF9F-7EFDFBE427E6}.Release|Any CPU.ActiveCfg = Release|Any CPU
		{4C140547-478A-4130-AF9F-7EFDFBE427E6}.Release|Any CPU.Build.0 = Release|Any CPU
	EndGlobalSection
	GlobalSection(SolutionProperties) = preSolution
		HideSolutionNode = FALSE
	EndGlobalSection
	GlobalSection(ExtensibilityGlobals) = postSolution
		SolutionGuid = {35752D59-BF3F-40B7-8EF4-0AC09571ED3F}
	EndGlobalSection
EndGlobal
